
Microsoft Visual Studio Solution File, Format Version 12.00
# Visual Studio Version 16
VisualStudioVersion = 16.0.28729.10
MinimumVisualStudioVersion = 10.0.40219.1
Project("{9A19103F-16F7-4668-BE54-9A1E7A4F7556}") = "Tester", "Testing\Tester\Tester.csproj", "{10A7856E-9DCC-4EF3-931E-8249207E7B47}"
EndProject
Project("{9A19103F-16F7-4668-BE54-9A1E7A4F7556}") = "Unknown6656.Core", "Unknown6656.Core\Unknown6656.Core.csproj", "{F5F47705-25C9-4B9C-8203-A334E27B606D}"
EndProject
Project("{2150E333-8FDC-42A3-9474-1A3956D46DE8}") = "Testing", "Testing", "{CE7343E2-CA89-4943-BA0B-3C7E6D8F0C15}"
EndProject
Project("{9A19103F-16F7-4668-BE54-9A1E7A4F7556}") = "TestRunner", "Testing\TestRunner\TestRunner.csproj", "{67EC59EF-FB16-4ABD-A49F-BC1B84BC10EC}"
EndProject
Project("{6EC3EE1D-3C4E-46DD-8F32-0CC8E7565705}") = "TesterFS", "Testing\TesterFS\TesterFS.fsproj", "{23661566-BE5B-4CB8-BC2A-937E5A455C9F}"
EndProject
Project("{2150E333-8FDC-42A3-9474-1A3956D46DE8}") = "Unknown6656.Analyzers", "Unknown6656.Analyzers", "{A829D6F4-5319-4F55-A8EF-65D64BA8567D}"
EndProject
Project("{9A19103F-16F7-4668-BE54-9A1E7A4F7556}") = "Unknown6656.WinForms", "Unknown6656.WinForms\Unknown6656.WinForms.csproj", "{C9887F69-FBBD-4E25-8404-7E595CCD6C03}"
EndProject
Project("{2150E333-8FDC-42A3-9474-1A3956D46DE8}") = "Solution Items", "Solution Items", "{9D88561B-D626-4E08-90B2-44E80CD4178B}"
	ProjectSection(SolutionItems) = preProject
		publish.bat = publish.bat
		publish.ps1 = publish.ps1
		version.txt = version.txt
	EndProjectSection
EndProject
Global
	GlobalSection(SolutionConfigurationPlatforms) = preSolution
		Debug|Any CPU = Debug|Any CPU
		Release|Any CPU = Release|Any CPU
	EndGlobalSection
	GlobalSection(ProjectConfigurationPlatforms) = postSolution
		{10A7856E-9DCC-4EF3-931E-8249207E7B47}.Debug|Any CPU.ActiveCfg = Debug|Any CPU
		{10A7856E-9DCC-4EF3-931E-8249207E7B47}.Debug|Any CPU.Build.0 = Debug|Any CPU
		{10A7856E-9DCC-4EF3-931E-8249207E7B47}.Release|Any CPU.ActiveCfg = Release|Any CPU
		{10A7856E-9DCC-4EF3-931E-8249207E7B47}.Release|Any CPU.Build.0 = Release|Any CPU
		{F5F47705-25C9-4B9C-8203-A334E27B606D}.Debug|Any CPU.ActiveCfg = Debug|Any CPU
		{F5F47705-25C9-4B9C-8203-A334E27B606D}.Debug|Any CPU.Build.0 = Debug|Any CPU
		{F5F47705-25C9-4B9C-8203-A334E27B606D}.Release|Any CPU.ActiveCfg = Release|Any CPU
		{F5F47705-25C9-4B9C-8203-A334E27B606D}.Release|Any CPU.Build.0 = Release|Any CPU
		{67EC59EF-FB16-4ABD-A49F-BC1B84BC10EC}.Debug|Any CPU.ActiveCfg = Debug|Any CPU
		{67EC59EF-FB16-4ABD-A49F-BC1B84BC10EC}.Debug|Any CPU.Build.0 = Debug|Any CPU
		{67EC59EF-FB16-4ABD-A49F-BC1B84BC10EC}.Release|Any CPU.ActiveCfg = Release|Any CPU
		{67EC59EF-FB16-4ABD-A49F-BC1B84BC10EC}.Release|Any CPU.Build.0 = Release|Any CPU
		{23661566-BE5B-4CB8-BC2A-937E5A455C9F}.Debug|Any CPU.ActiveCfg = Debug|Any CPU
		{23661566-BE5B-4CB8-BC2A-937E5A455C9F}.Debug|Any CPU.Build.0 = Debug|Any CPU
		{23661566-BE5B-4CB8-BC2A-937E5A455C9F}.Release|Any CPU.ActiveCfg = Release|Any CPU
		{23661566-BE5B-4CB8-BC2A-937E5A455C9F}.Release|Any CPU.Build.0 = Release|Any CPU
		{C9887F69-FBBD-4E25-8404-7E595CCD6C03}.Debug|Any CPU.ActiveCfg = Debug|Any CPU
		{C9887F69-FBBD-4E25-8404-7E595CCD6C03}.Debug|Any CPU.Build.0 = Debug|Any CPU
		{C9887F69-FBBD-4E25-8404-7E595CCD6C03}.Release|Any CPU.ActiveCfg = Release|Any CPU
		{C9887F69-FBBD-4E25-8404-7E595CCD6C03}.Release|Any CPU.Build.0 = Release|Any CPU
	EndGlobalSection
	GlobalSection(SolutionProperties) = preSolution
		HideSolutionNode = FALSE
	EndGlobalSection
	GlobalSection(NestedProjects) = preSolution
		{10A7856E-9DCC-4EF3-931E-8249207E7B47} = {CE7343E2-CA89-4943-BA0B-3C7E6D8F0C15}
		{67EC59EF-FB16-4ABD-A49F-BC1B84BC10EC} = {CE7343E2-CA89-4943-BA0B-3C7E6D8F0C15}
		{23661566-BE5B-4CB8-BC2A-937E5A455C9F} = {CE7343E2-CA89-4943-BA0B-3C7E6D8F0C15}
	EndGlobalSection
	GlobalSection(ExtensibilityGlobals) = postSolution
		SolutionGuid = {DC31AD11-A921-43EF-9E43-6FB08B592FC3}
	EndGlobalSection
EndGlobal
